// !$*UTF8*$!
{
	archiveVersion = 1;
	classes = {
	};
	objectVersion = 56;
	objects = {

/* Begin PBXBuildFile section */
		520A4CF42ADE9DB100C04868 /* AppDelegate.swift in Sources */ = {isa = PBXBuildFile; fileRef = 520A4CF32ADE9DB100C04868 /* AppDelegate.swift */; };
		520A4CF82ADE9DB100C04868 /* HomeViewController.swift in Sources */ = {isa = PBXBuildFile; fileRef = 520A4CF72ADE9DB100C04868 /* HomeViewController.swift */; };
		520A4CFD2ADE9DB200C04868 /* Assets.xcassets in Resources */ = {isa = PBXBuildFile; fileRef = 520A4CFC2ADE9DB200C04868 /* Assets.xcassets */; };
		520A4D002ADE9DB200C04868 /* LaunchScreen.storyboard in Resources */ = {isa = PBXBuildFile; fileRef = 520A4CFE2ADE9DB200C04868 /* LaunchScreen.storyboard */; };
		520A4D0C2ADE9E7400C04868 /* String+Ext.swift in Sources */ = {isa = PBXBuildFile; fileRef = 520A4D0B2ADE9E7400C04868 /* String+Ext.swift */; };
		520A4D0E2ADE9E8F00C04868 /* HomeViewModel.swift in Sources */ = {isa = PBXBuildFile; fileRef = 520A4D0D2ADE9E8F00C04868 /* HomeViewModel.swift */; };
		520A4D102ADE9E9400C04868 /* HomeView.swift in Sources */ = {isa = PBXBuildFile; fileRef = 520A4D0F2ADE9E9400C04868 /* HomeView.swift */; };
		520A4D142ADE9EF100C04868 /* Coordinator.swift in Sources */ = {isa = PBXBuildFile; fileRef = 520A4D132ADE9EF100C04868 /* Coordinator.swift */; };
		520A4D162ADE9F0D00C04868 /* ApplicationCoordinator.swift in Sources */ = {isa = PBXBuildFile; fileRef = 520A4D152ADE9F0D00C04868 /* ApplicationCoordinator.swift */; };
		520A4D182ADE9F6100C04868 /* HomeCoordinator.swift in Sources */ = {isa = PBXBuildFile; fileRef = 520A4D172ADE9F6100C04868 /* HomeCoordinator.swift */; };
/* End PBXBuildFile section */

/* Begin PBXFileReference section */
		520A4CF02ADE9DB100C04868 /* MVVM_SOLID.app */ = {isa = PBXFileReference; explicitFileType = wrapper.application; includeInIndex = 0; path = MVVM_SOLID.app; sourceTree = BUILT_PRODUCTS_DIR; };
		520A4CF32ADE9DB100C04868 /* AppDelegate.swift */ = {isa = PBXFileReference; lastKnownFileType = sourcecode.swift; path = AppDelegate.swift; sourceTree = "<group>"; };
		520A4CF72ADE9DB100C04868 /* HomeViewController.swift */ = {isa = PBXFileReference; lastKnownFileType = sourcecode.swift; path = HomeViewController.swift; sourceTree = "<group>"; };
		520A4CFC2ADE9DB200C04868 /* Assets.xcassets */ = {isa = PBXFileReference; lastKnownFileType = folder.assetcatalog; path = Assets.xcassets; sourceTree = "<group>"; };
		520A4CFF2ADE9DB200C04868 /* Base */ = {isa = PBXFileReference; lastKnownFileType = file.storyboard; name = Base; path = Base.lproj/LaunchScreen.storyboard; sourceTree = "<group>"; };
		520A4D012ADE9DB200C04868 /* Info.plist */ = {isa = PBXFileReference; lastKnownFileType = text.plist.xml; path = Info.plist; sourceTree = "<group>"; };
		520A4D0B2ADE9E7400C04868 /* String+Ext.swift */ = {isa = PBXFileReference; lastKnownFileType = sourcecode.swift; path = "String+Ext.swift"; sourceTree = "<group>"; };
		520A4D0D2ADE9E8F00C04868 /* HomeViewModel.swift */ = {isa = PBXFileReference; lastKnownFileType = sourcecode.swift; path = HomeViewModel.swift; sourceTree = "<group>"; };
		520A4D0F2ADE9E9400C04868 /* HomeView.swift */ = {isa = PBXFileReference; lastKnownFileType = sourcecode.swift; path = HomeView.swift; sourceTree = "<group>"; };
		520A4D132ADE9EF100C04868 /* Coordinator.swift */ = {isa = PBXFileReference; lastKnownFileType = sourcecode.swift; path = Coordinator.swift; sourceTree = "<group>"; };
		520A4D152ADE9F0D00C04868 /* ApplicationCoordinator.swift */ = {isa = PBXFileReference; lastKnownFileType = sourcecode.swift; path = ApplicationCoordinator.swift; sourceTree = "<group>"; };
		520A4D172ADE9F6100C04868 /* HomeCoordinator.swift */ = {isa = PBXFileReference; lastKnownFileType = sourcecode.swift; path = HomeCoordinator.swift; sourceTree = "<group>"; };
/* End PBXFileReference section */

/* Begin PBXFrameworksBuildPhase section */
		520A4CED2ADE9DB100C04868 /* Frameworks */ = {
			isa = PBXFrameworksBuildPhase;
			buildActionMask = 2147483647;
			files = (
			);
			runOnlyForDeploymentPostprocessing = 0;
		};
/* End PBXFrameworksBuildPhase section */

/* Begin PBXGroup section */
		520A4CE72ADE9DB100C04868 = {
			isa = PBXGroup;
			children = (
				520A4CF22ADE9DB100C04868 /* MVVM_SOLID */,
				520A4CF12ADE9DB100C04868 /* Products */,
			);
			sourceTree = "<group>";
		};
		520A4CF12ADE9DB100C04868 /* Products */ = {
			isa = PBXGroup;
			children = (
				520A4CF02ADE9DB100C04868 /* MVVM_SOLID.app */,
			);
			name = Products;
			sourceTree = "<group>";
		};
		520A4CF22ADE9DB100C04868 /* MVVM_SOLID */ = {
			isa = PBXGroup;
			children = (
				520A4D082ADE9DD200C04868 /* Application */,
				520A4D122ADE9EE200C04868 /* Navigation */,
				520A4D072ADE9DCD00C04868 /* Modules */,
				520A4D0A2ADE9DE400C04868 /* Extensions */,
				520A4D092ADE9DDD00C04868 /* Resources */,
			);
			path = MVVM_SOLID;
			sourceTree = "<group>";
		};
		520A4D072ADE9DCD00C04868 /* Modules */ = {
			isa = PBXGroup;
			children = (
				520A4D112ADE9E9F00C04868 /* Home */,
			);
			path = Modules;
			sourceTree = "<group>";
		};
		520A4D082ADE9DD200C04868 /* Application */ = {
			isa = PBXGroup;
			children = (
				520A4CF32ADE9DB100C04868 /* AppDelegate.swift */,
			);
			path = Application;
			sourceTree = "<group>";
		};
		520A4D092ADE9DDD00C04868 /* Resources */ = {
			isa = PBXGroup;
			children = (
				520A4CFC2ADE9DB200C04868 /* Assets.xcassets */,
				520A4CFE2ADE9DB200C04868 /* LaunchScreen.storyboard */,
				520A4D012ADE9DB200C04868 /* Info.plist */,
			);
			path = Resources;
			sourceTree = "<group>";
		};
		520A4D0A2ADE9DE400C04868 /* Extensions */ = {
			isa = PBXGroup;
			children = (
				520A4D0B2ADE9E7400C04868 /* String+Ext.swift */,
			);
			path = Extensions;
			sourceTree = "<group>";
		};
		520A4D112ADE9E9F00C04868 /* Home */ = {
			isa = PBXGroup;
			children = (
				520A4D172ADE9F6100C04868 /* HomeCoordinator.swift */,
				520A4CF72ADE9DB100C04868 /* HomeViewController.swift */,
				520A4D0D2ADE9E8F00C04868 /* HomeViewModel.swift */,
				520A4D0F2ADE9E9400C04868 /* HomeView.swift */,
			);
			path = Home;
			sourceTree = "<group>";
		};
		520A4D122ADE9EE200C04868 /* Navigation */ = {
			isa = PBXGroup;
			children = (
				520A4D132ADE9EF100C04868 /* Coordinator.swift */,
				520A4D152ADE9F0D00C04868 /* ApplicationCoordinator.swift */,
			);
			path = Navigation;
			sourceTree = "<group>";
		};
/* End PBXGroup section */

/* Begin PBXNativeTarget section */
		520A4CEF2ADE9DB100C04868 /* MVVM_SOLID */ = {
			isa = PBXNativeTarget;
			buildConfigurationList = 520A4D042ADE9DB200C04868 /* Build configuration list for PBXNativeTarget "MVVM_SOLID" */;
			buildPhases = (
				520A4CEC2ADE9DB100C04868 /* Sources */,
				520A4CED2ADE9DB100C04868 /* Frameworks */,
				520A4CEE2ADE9DB100C04868 /* Resources */,
			);
			buildRules = (
			);
			dependencies = (
			);
			name = MVVM_SOLID;
			productName = MVVM_SOLID;
			productReference = 520A4CF02ADE9DB100C04868 /* MVVM_SOLID.app */;
			productType = "com.apple.product-type.application";
		};
/* End PBXNativeTarget section */

/* Begin PBXProject section */
		520A4CE82ADE9DB100C04868 /* Project object */ = {
			isa = PBXProject;
			attributes = {
				BuildIndependentTargetsInParallel = 1;
				LastSwiftUpdateCheck = 1500;
				LastUpgradeCheck = 1500;
				TargetAttributes = {
					520A4CEF2ADE9DB100C04868 = {
						CreatedOnToolsVersion = 15.0;
					};
				};
			};
			buildConfigurationList = 520A4CEB2ADE9DB100C04868 /* Build configuration list for PBXProject "MVVM_SOLID" */;
			compatibilityVersion = "Xcode 14.0";
			developmentRegion = en;
			hasScannedForEncodings = 0;
			knownRegions = (
				en,
				Base,
			);
			mainGroup = 520A4CE72ADE9DB100C04868;
			productRefGroup = 520A4CF12ADE9DB100C04868 /* Products */;
			projectDirPath = "";
			projectRoot = "";
			targets = (
				520A4CEF2ADE9DB100C04868 /* MVVM_SOLID */,
			);
		};
/* End PBXProject section */

/* Begin PBXResourcesBuildPhase section */
		520A4CEE2ADE9DB100C04868 /* Resources */ = {
			isa = PBXResourcesBuildPhase;
			buildActionMask = 2147483647;
			files = (
				520A4D002ADE9DB200C04868 /* LaunchScreen.storyboard in Resources */,
				520A4CFD2ADE9DB200C04868 /* Assets.xcassets in Resources */,
			);
			runOnlyForDeploymentPostprocessing = 0;
		};
/* End PBXResourcesBuildPhase section */

/* Begin PBXSourcesBuildPhase section */
		520A4CEC2ADE9DB100C04868 /* Sources */ = {
			isa = PBXSourcesBuildPhase;
			buildActionMask = 2147483647;
			files = (
				520A4D0C2ADE9E7400C04868 /* String+Ext.swift in Sources */,
				520A4CF82ADE9DB100C04868 /* HomeViewController.swift in Sources */,
				520A4D142ADE9EF100C04868 /* Coordinator.swift in Sources */,
				520A4D102ADE9E9400C04868 /* HomeView.swift in Sources */,
				520A4D0E2ADE9E8F00C04868 /* HomeViewModel.swift in Sources */,
				520A4D182ADE9F6100C04868 /* HomeCoordinator.swift in Sources */,
				520A4CF42ADE9DB100C04868 /* AppDelegate.swift in Sources */,
				520A4D162ADE9F0D00C04868 /* ApplicationCoordinator.swift in Sources */,
			);
			runOnlyForDeploymentPostprocessing = 0;
		};
/* End PBXSourcesBuildPhase section */

/* Begin PBXVariantGroup section */
		520A4CFE2ADE9DB200C04868 /* LaunchScreen.storyboard */ = {
			isa = PBXVariantGroup;
			children = (
				520A4CFF2ADE9DB200C04868 /* Base */,
			);
			name = LaunchScreen.storyboard;
			sourceTree = "<group>";
		};
/* End PBXVariantGroup section */

/* Begin XCBuildConfiguration section */
		520A4D022ADE9DB200C04868 /* Debug */ = {
			isa = XCBuildConfiguration;
			buildSettings = {
				ALWAYS_SEARCH_USER_PATHS = NO;
				ASSETCATALOG_COMPILER_GENERATE_SWIFT_ASSET_SYMBOL_EXTENSIONS = YES;
				CLANG_ANALYZER_NONNULL = YES;
				CLANG_ANALYZER_NUMBER_OBJECT_CONVERSION = YES_AGGRESSIVE;
				CLANG_CXX_LANGUAGE_STANDARD = "gnu++20";
				CLANG_ENABLE_MODULES = YES;
				CLANG_ENABLE_OBJC_ARC = YES;
				CLANG_ENABLE_OBJC_WEAK = YES;
				CLANG_WARN_BLOCK_CAPTURE_AUTORELEASING = YES;
				CLANG_WARN_BOOL_CONVERSION = YES;
				CLANG_WARN_COMMA = YES;
				CLANG_WARN_CONSTANT_CONVERSION = YES;
				CLANG_WARN_DEPRECATED_OBJC_IMPLEMENTATIONS = YES;
				CLANG_WARN_DIRECT_OBJC_ISA_USAGE = YES_ERROR;
				CLANG_WARN_DOCUMENTATION_COMMENTS = YES;
				CLANG_WARN_EMPTY_BODY = YES;
				CLANG_WARN_ENUM_CONVERSION = YES;
				CLANG_WARN_INFINITE_RECURSION = YES;
				CLANG_WARN_INT_CONVERSION = YES;
				CLANG_WARN_NON_LITERAL_NULL_CONVERSION = YES;
				CLANG_WARN_OBJC_IMPLICIT_RETAIN_SELF = YES;
				CLANG_WARN_OBJC_LITERAL_CONVERSION = YES;
				CLANG_WARN_OBJC_ROOT_CLASS = YES_ERROR;
				CLANG_WARN_QUOTED_INCLUDE_IN_FRAMEWORK_HEADER = YES;
				CLANG_WARN_RANGE_LOOP_ANALYSIS = YES;
				CLANG_WARN_STRICT_PROTOTYPES = YES;
				CLANG_WARN_SUSPICIOUS_MOVE = YES;
				CLANG_WARN_UNGUARDED_AVAILABILITY = YES_AGGRESSIVE;
				CLANG_WARN_UNREACHABLE_CODE = YES;
				CLANG_WARN__DUPLICATE_METHOD_MATCH = YES;
				COPY_PHASE_STRIP = NO;
				DEBUG_INFORMATION_FORMAT = dwarf;
				ENABLE_STRICT_OBJC_MSGSEND = YES;
				ENABLE_TESTABILITY = YES;
				ENABLE_USER_SCRIPT_SANDBOXING = YES;
				GCC_C_LANGUAGE_STANDARD = gnu17;
				GCC_DYNAMIC_NO_PIC = NO;
				GCC_NO_COMMON_BLOCKS = YES;
				GCC_OPTIMIZATION_LEVEL = 0;
				GCC_PREPROCESSOR_DEFINITIONS = (
					"DEBUG=1",
					"$(inherited)",
				);
				GCC_WARN_64_TO_32_BIT_CONVERSION = YES;
				GCC_WARN_ABOUT_RETURN_TYPE = YES_ERROR;
				GCC_WARN_UNDECLARED_SELECTOR = YES;
				GCC_WARN_UNINITIALIZED_AUTOS = YES_AGGRESSIVE;
				GCC_WARN_UNUSED_FUNCTION = YES;
				GCC_WARN_UNUSED_VARIABLE = YES;
				IPHONEOS_DEPLOYMENT_TARGET = 17.0;
				LOCALIZATION_PREFERS_STRING_CATALOGS = YES;
				MTL_ENABLE_DEBUG_INFO = INCLUDE_SOURCE;
				MTL_FAST_MATH = YES;
				ONLY_ACTIVE_ARCH = YES;
				SDKROOT = iphoneos;
				SWIFT_ACTIVE_COMPILATION_CONDITIONS = "DEBUG $(inherited)";
				SWIFT_OPTIMIZATION_LEVEL = "-Onone";
			};
			name = Debug;
		};
		520A4D032ADE9DB200C04868 /* Release */ = {
			isa = XCBuildConfiguration;
			buildSettings = {
				ALWAYS_SEARCH_USER_PATHS = NO;
				ASSETCATALOG_COMPILER_GENERATE_SWIFT_ASSET_SYMBOL_EXTENSIONS = YES;
				CLANG_ANALYZER_NONNULL = YES;
				CLANG_ANALYZER_NUMBER_OBJECT_CONVERSION = YES_AGGRESSIVE;
				CLANG_CXX_LANGUAGE_STANDARD = "gnu++20";
				CLANG_ENABLE_MODULES = YES;
				CLANG_ENABLE_OBJC_ARC = YES;
				CLANG_ENABLE_OBJC_WEAK = YES;
				CLANG_WARN_BLOCK_CAPTURE_AUTORELEASING = YES;
				CLANG_WARN_BOOL_CONVERSION = YES;
				CLANG_WARN_COMMA = YES;
				CLANG_WARN_CONSTANT_CONVERSION = YES;
				CLANG_WARN_DEPRECATED_OBJC_IMPLEMENTATIONS = YES;
				CLANG_WARN_DIRECT_OBJC_ISA_USAGE = YES_ERROR;
				CLANG_WARN_DOCUMENTATION_COMMENTS = YES;
				CLANG_WARN_EMPTY_BODY = YES;
				CLANG_WARN_ENUM_CONVERSION = YES;
				CLANG_WARN_INFINITE_RECURSION = YES;
				CLANG_WARN_INT_CONVERSION = YES;
				CLANG_WARN_NON_LITERAL_NULL_CONVERSION = YES;
				CLANG_WARN_OBJC_IMPLICIT_RETAIN_SELF = YES;
				CLANG_WARN_OBJC_LITERAL_CONVERSION = YES;
				CLANG_WARN_OBJC_ROOT_CLASS = YES_ERROR;
				CLANG_WARN_QUOTED_INCLUDE_IN_FRAMEWORK_HEADER = YES;
				CLANG_WARN_RANGE_LOOP_ANALYSIS = YES;
				CLANG_WARN_STRICT_PROTOTYPES = YES;
				CLANG_WARN_SUSPICIOUS_MOVE = YES;
				CLANG_WARN_UNGUARDED_AVAILABILITY = YES_AGGRESSIVE;
				CLANG_WARN_UNREACHABLE_CODE = YES;
				CLANG_WARN__DUPLICATE_METHOD_MATCH = YES;
				COPY_PHASE_STRIP = NO;
				DEBUG_INFORMATION_FORMAT = "dwarf-with-dsym";
				ENABLE_NS_ASSERTIONS = NO;
				ENABLE_STRICT_OBJC_MSGSEND = YES;
				ENABLE_USER_SCRIPT_SANDBOXING = YES;
				GCC_C_LANGUAGE_STANDARD = gnu17;
				GCC_NO_COMMON_BLOCKS = YES;
				GCC_WARN_64_TO_32_BIT_CONVERSION = YES;
				GCC_WARN_ABOUT_RETURN_TYPE = YES_ERROR;
				GCC_WARN_UNDECLARED_SELECTOR = YES;
				GCC_WARN_UNINITIALIZED_AUTOS = YES_AGGRESSIVE;
				GCC_WARN_UNUSED_FUNCTION = YES;
				GCC_WARN_UNUSED_VARIABLE = YES;
				IPHONEOS_DEPLOYMENT_TARGET = 17.0;
				LOCALIZATION_PREFERS_STRING_CATALOGS = YES;
				MTL_ENABLE_DEBUG_INFO = NO;
				MTL_FAST_MATH = YES;
				SDKROOT = iphoneos;
				SWIFT_COMPILATION_MODE = wholemodule;
				VALIDATE_PRODUCT = YES;
			};
			name = Release;
		};
		520A4D052ADE9DB200C04868 /* Debug */ = {
			isa = XCBuildConfiguration;
			buildSettings = {
				ASSETCATALOG_COMPILER_APPICON_NAME = AppIcon;
				ASSETCATALOG_COMPILER_GLOBAL_ACCENT_COLOR_NAME = AccentColor;
				CODE_SIGN_STYLE = Automatic;
				CURRENT_PROJECT_VERSION = 1;
				DEVELOPMENT_TEAM = UHJY5W23GN;
				GENERATE_INFOPLIST_FILE = YES;
				INFOPLIST_FILE = MVVM_SOLID/Resources/Info.plist;
				INFOPLIST_KEY_UIApplicationSupportsIndirectInputEvents = YES;
				INFOPLIST_KEY_UILaunchStoryboardName = LaunchScreen;
				INFOPLIST_KEY_UISupportedInterfaceOrientations_iPad = "UIInterfaceOrientationPortrait UIInterfaceOrientationPortraitUpsideDown UIInterfaceOrientationLandscapeLeft UIInterfaceOrientationLandscapeRight";
				INFOPLIST_KEY_UISupportedInterfaceOrientations_iPhone = "UIInterfaceOrientationPortrait UIInterfaceOrientationLandscapeLeft UIInterfaceOrientationLandscapeRight";
				LD_RUNPATH_SEARCH_PATHS = (
					"$(inherited)",
					"@executable_path/Frameworks",
				);
				MARKETING_VERSION = 1.0;
				PRODUCT_BUNDLE_IDENTIFIER = "com.tahiraniloghan.MVVM-SOLID";
				PRODUCT_NAME = "$(TARGET_NAME)";
				SWIFT_EMIT_LOC_STRINGS = YES;
				SWIFT_VERSION = 5.0;
				TARGETED_DEVICE_FAMILY = "1,2";
			};
			name = Debug;
		};
		520A4D062ADE9DB200C04868 /* Release */ = {
			isa = XCBuildConfiguration;
			buildSettings = {
				ASSETCATALOG_COMPILER_APPICON_NAME = AppIcon;
				ASSETCATALOG_COMPILER_GLOBAL_ACCENT_COLOR_NAME = AccentColor;
				CODE_SIGN_STYLE = Automatic;
				CURRENT_PROJECT_VERSION = 1;
				DEVELOPMENT_TEAM = UHJY5W23GN;
				GENERATE_INFOPLIST_FILE = YES;
				INFOPLIST_FILE = MVVM_SOLID/Resources/Info.plist;
				INFOPLIST_KEY_UIApplicationSupportsIndirectInputEvents = YES;
				INFOPLIST_KEY_UILaunchStoryboardName = LaunchScreen;
				INFOPLIST_KEY_UISupportedInterfaceOrientations_iPad = "UIInterfaceOrientationPortrait UIInterfaceOrientationPortraitUpsideDown UIInterfaceOrientationLandscapeLeft UIInterfaceOrientationLandscapeRight";
				INFOPLIST_KEY_UISupportedInterfaceOrientations_iPhone = "UIInterfaceOrientationPortrait UIInterfaceOrientationLandscapeLeft UIInterfaceOrientationLandscapeRight";
				LD_RUNPATH_SEARCH_PATHS = (
					"$(inherited)",
					"@executable_path/Frameworks",
				);
				MARKETING_VERSION = 1.0;
				PRODUCT_BUNDLE_IDENTIFIER = "com.tahiraniloghan.MVVM-SOLID";
				PRODUCT_NAME = "$(TARGET_NAME)";
				SWIFT_EMIT_LOC_STRINGS = YES;
				SWIFT_VERSION = 5.0;
				TARGETED_DEVICE_FAMILY = "1,2";
			};
			name = Release;
		};
/* End XCBuildConfiguration section */

/* Begin XCConfigurationList section */
		520A4CEB2ADE9DB100C04868 /* Build configuration list for PBXProject "MVVM_SOLID" */ = {
			isa = XCConfigurationList;
			buildConfigurations = (
				520A4D022ADE9DB200C04868 /* Debug */,
				520A4D032ADE9DB200C04868 /* Release */,
			);
			defaultConfigurationIsVisible = 0;
			defaultConfigurationName = Release;
		};
		520A4D042ADE9DB200C04868 /* Build configuration list for PBXNativeTarget "MVVM_SOLID" */ = {
			isa = XCConfigurationList;
			buildConfigurations = (
				520A4D052ADE9DB200C04868 /* Debug */,
				520A4D062ADE9DB200C04868 /* Release */,
			);
			defaultConfigurationIsVisible = 0;
			defaultConfigurationName = Release;
		};
/* End XCConfigurationList section */
	};
	rootObject = 520A4CE82ADE9DB100C04868 /* Project object */;
}
